// !$*UTF8*$!
{
	archiveVersion = 1;
	classes = {
	};
	objectVersion = 50;
	objects = {

/* Begin PBXBuildFile section */
		86AE4CD925F5DA7E007B5F40 /* Tests_iOS.swift in Sources */ = {isa = PBXBuildFile; fileRef = 86AE4CD825F5DA7E007B5F40 /* Tests_iOS.swift */; };
		86AE4CE425F5DA7E007B5F40 /* Tests_macOS.swift in Sources */ = {isa = PBXBuildFile; fileRef = 86AE4CE325F5DA7E007B5F40 /* Tests_macOS.swift */; };
		86AE4CE625F5DA7E007B5F40 /* GithubTestApp.swift in Sources */ = {isa = PBXBuildFile; fileRef = 86AE4CBD25F5DA7D007B5F40 /* GithubTestApp.swift */; };
		86AE4CE725F5DA7E007B5F40 /* GithubTestApp.swift in Sources */ = {isa = PBXBuildFile; fileRef = 86AE4CBD25F5DA7D007B5F40 /* GithubTestApp.swift */; };
		86AE4CE825F5DA7E007B5F40 /* ContentView.swift in Sources */ = {isa = PBXBuildFile; fileRef = 86AE4CBE25F5DA7D007B5F40 /* ContentView.swift */; };
		86AE4CE925F5DA7E007B5F40 /* ContentView.swift in Sources */ = {isa = PBXBuildFile; fileRef = 86AE4CBE25F5DA7D007B5F40 /* ContentView.swift */; };
		86AE4CEA25F5DA7E007B5F40 /* Assets.xcassets in Resources */ = {isa = PBXBuildFile; fileRef = 86AE4CBF25F5DA7D007B5F40 /* Assets.xcassets */; };
		86AE4CEB25F5DA7E007B5F40 /* Assets.xcassets in Resources */ = {isa = PBXBuildFile; fileRef = 86AE4CBF25F5DA7D007B5F40 /* Assets.xcassets */; };
/* End PBXBuildFile section */

/* Begin PBXContainerItemProxy section */
		86AE4CD525F5DA7E007B5F40 /* PBXContainerItemProxy */ = {
			isa = PBXContainerItemProxy;
			containerPortal = 86AE4CB825F5DA7C007B5F40 /* Project object */;
			proxyType = 1;
			remoteGlobalIDString = 86AE4CC325F5DA7E007B5F40;
			remoteInfo = "GithubTest (iOS)";
		};
		86AE4CE025F5DA7E007B5F40 /* PBXContainerItemProxy */ = {
			isa = PBXContainerItemProxy;
			containerPortal = 86AE4CB825F5DA7C007B5F40 /* Project object */;
			proxyType = 1;
			remoteGlobalIDString = 86AE4CCB25F5DA7E007B5F40;
			remoteInfo = "GithubTest (macOS)";
		};
/* End PBXContainerItemProxy section */

/* Begin PBXFileReference section */
		86AE4CBD25F5DA7D007B5F40 /* GithubTestApp.swift */ = {isa = PBXFileReference; lastKnownFileType = sourcecode.swift; path = GithubTestApp.swift; sourceTree = "<group>"; };
		86AE4CBE25F5DA7D007B5F40 /* ContentView.swift */ = {isa = PBXFileReference; lastKnownFileType = sourcecode.swift; path = ContentView.swift; sourceTree = "<group>"; };
		86AE4CBF25F5DA7D007B5F40 /* Assets.xcassets */ = {isa = PBXFileReference; lastKnownFileType = folder.assetcatalog; path = Assets.xcassets; sourceTree = "<group>"; };
		86AE4CC425F5DA7E007B5F40 /* GithubTest.app */ = {isa = PBXFileReference; explicitFileType = wrapper.application; includeInIndex = 0; path = GithubTest.app; sourceTree = BUILT_PRODUCTS_DIR; };
		86AE4CC725F5DA7E007B5F40 /* Info.plist */ = {isa = PBXFileReference; lastKnownFileType = text.plist.xml; path = Info.plist; sourceTree = "<group>"; };
		86AE4CCC25F5DA7E007B5F40 /* GithubTest.app */ = {isa = PBXFileReference; explicitFileType = wrapper.application; includeInIndex = 0; path = GithubTest.app; sourceTree = BUILT_PRODUCTS_DIR; };
		86AE4CCE25F5DA7E007B5F40 /* Info.plist */ = {isa = PBXFileReference; lastKnownFileType = text.plist.xml; path = Info.plist; sourceTree = "<group>"; };
		86AE4CCF25F5DA7E007B5F40 /* macOS.entitlements */ = {isa = PBXFileReference; lastKnownFileType = text.plist.entitlements; path = macOS.entitlements; sourceTree = "<group>"; };
		86AE4CD425F5DA7E007B5F40 /* Tests iOS.xctest */ = {isa = PBXFileReference; explicitFileType = wrapper.cfbundle; includeInIndex = 0; path = "Tests iOS.xctest"; sourceTree = BUILT_PRODUCTS_DIR; };
		86AE4CD825F5DA7E007B5F40 /* Tests_iOS.swift */ = {isa = PBXFileReference; lastKnownFileType = sourcecode.swift; path = Tests_iOS.swift; sourceTree = "<group>"; };
		86AE4CDA25F5DA7E007B5F40 /* Info.plist */ = {isa = PBXFileReference; lastKnownFileType = text.plist.xml; path = Info.plist; sourceTree = "<group>"; };
		86AE4CDF25F5DA7E007B5F40 /* Tests macOS.xctest */ = {isa = PBXFileReference; explicitFileType = wrapper.cfbundle; includeInIndex = 0; path = "Tests macOS.xctest"; sourceTree = BUILT_PRODUCTS_DIR; };
		86AE4CE325F5DA7E007B5F40 /* Tests_macOS.swift */ = {isa = PBXFileReference; lastKnownFileType = sourcecode.swift; path = Tests_macOS.swift; sourceTree = "<group>"; };
		86AE4CE525F5DA7E007B5F40 /* Info.plist */ = {isa = PBXFileReference; lastKnownFileType = text.plist.xml; path = Info.plist; sourceTree = "<group>"; };
/* End PBXFileReference section */

/* Begin PBXFrameworksBuildPhase section */
		86AE4CC125F5DA7E007B5F40 /* Frameworks */ = {
			isa = PBXFrameworksBuildPhase;
			buildActionMask = 2147483647;
			files = (
			);
			runOnlyForDeploymentPostprocessing = 0;
		};
		86AE4CC925F5DA7E007B5F40 /* Frameworks */ = {
			isa = PBXFrameworksBuildPhase;
			buildActionMask = 2147483647;
			files = (
			);
			runOnlyForDeploymentPostprocessing = 0;
		};
		86AE4CD125F5DA7E007B5F40 /* Frameworks */ = {
			isa = PBXFrameworksBuildPhase;
			buildActionMask = 2147483647;
			files = (
			);
			runOnlyForDeploymentPostprocessing = 0;
		};
		86AE4CDC25F5DA7E007B5F40 /* Frameworks */ = {
			isa = PBXFrameworksBuildPhase;
			buildActionMask = 2147483647;
			files = (
			);
			runOnlyForDeploymentPostprocessing = 0;
		};
/* End PBXFrameworksBuildPhase section */

/* Begin PBXGroup section */
		86AE4CB725F5DA7C007B5F40 = {
			isa = PBXGroup;
			children = (
				86AE4CBC25F5DA7C007B5F40 /* Shared */,
				86AE4CC625F5DA7E007B5F40 /* iOS */,
				86AE4CCD25F5DA7E007B5F40 /* macOS */,
				86AE4CD725F5DA7E007B5F40 /* Tests iOS */,
				86AE4CE225F5DA7E007B5F40 /* Tests macOS */,
				86AE4CC525F5DA7E007B5F40 /* Products */,
			);
			sourceTree = "<group>";
		};
		86AE4CBC25F5DA7C007B5F40 /* Shared */ = {
			isa = PBXGroup;
			children = (
				86AE4CBD25F5DA7D007B5F40 /* GithubTestApp.swift */,
				86AE4CBE25F5DA7D007B5F40 /* ContentView.swift */,
				86AE4CBF25F5DA7D007B5F40 /* Assets.xcassets */,
			);
			path = Shared;
			sourceTree = "<group>";
		};
		86AE4CC525F5DA7E007B5F40 /* Products */ = {
			isa = PBXGroup;
			children = (
				86AE4CC425F5DA7E007B5F40 /* GithubTest.app */,
				86AE4CCC25F5DA7E007B5F40 /* GithubTest.app */,
				86AE4CD425F5DA7E007B5F40 /* Tests iOS.xctest */,
				86AE4CDF25F5DA7E007B5F40 /* Tests macOS.xctest */,
			);
			name = Products;
			sourceTree = "<group>";
		};
		86AE4CC625F5DA7E007B5F40 /* iOS */ = {
			isa = PBXGroup;
			children = (
				86AE4CC725F5DA7E007B5F40 /* Info.plist */,
			);
			path = iOS;
			sourceTree = "<group>";
		};
		86AE4CCD25F5DA7E007B5F40 /* macOS */ = {
			isa = PBXGroup;
			children = (
				86AE4CCE25F5DA7E007B5F40 /* Info.plist */,
				86AE4CCF25F5DA7E007B5F40 /* macOS.entitlements */,
			);
			path = macOS;
			sourceTree = "<group>";
		};
		86AE4CD725F5DA7E007B5F40 /* Tests iOS */ = {
			isa = PBXGroup;
			children = (
				86AE4CD825F5DA7E007B5F40 /* Tests_iOS.swift */,
				86AE4CDA25F5DA7E007B5F40 /* Info.plist */,
			);
			path = "Tests iOS";
			sourceTree = "<group>";
		};
		86AE4CE225F5DA7E007B5F40 /* Tests macOS */ = {
			isa = PBXGroup;
			children = (
				86AE4CE325F5DA7E007B5F40 /* Tests_macOS.swift */,
				86AE4CE525F5DA7E007B5F40 /* Info.plist */,
			);
			path = "Tests macOS";
			sourceTree = "<group>";
		};
/* End PBXGroup section */

/* Begin PBXNativeTarget section */
		86AE4CC325F5DA7E007B5F40 /* GithubTest (iOS) */ = {
			isa = PBXNativeTarget;
			buildConfigurationList = 86AE4CEE25F5DA7E007B5F40 /* Build configuration list for PBXNativeTarget "GithubTest (iOS)" */;
			buildPhases = (
				86AE4CC025F5DA7E007B5F40 /* Sources */,
				86AE4CC125F5DA7E007B5F40 /* Frameworks */,
				86AE4CC225F5DA7E007B5F40 /* Resources */,
			);
			buildRules = (
			);
			dependencies = (
			);
			name = "GithubTest (iOS)";
			productName = "GithubTest (iOS)";
			productReference = 86AE4CC425F5DA7E007B5F40 /* GithubTest.app */;
			productType = "com.apple.product-type.application";
		};
		86AE4CCB25F5DA7E007B5F40 /* GithubTest (macOS) */ = {
			isa = PBXNativeTarget;
			buildConfigurationList = 86AE4CF125F5DA7E007B5F40 /* Build configuration list for PBXNativeTarget "GithubTest (macOS)" */;
			buildPhases = (
				86AE4CC825F5DA7E007B5F40 /* Sources */,
				86AE4CC925F5DA7E007B5F40 /* Frameworks */,
				86AE4CCA25F5DA7E007B5F40 /* Resources */,
			);
			buildRules = (
			);
			dependencies = (
			);
			name = "GithubTest (macOS)";
			productName = "GithubTest (macOS)";
			productReference = 86AE4CCC25F5DA7E007B5F40 /* GithubTest.app */;
			productType = "com.apple.product-type.application";
		};
		86AE4CD325F5DA7E007B5F40 /* Tests iOS */ = {
			isa = PBXNativeTarget;
			buildConfigurationList = 86AE4CF425F5DA7E007B5F40 /* Build configuration list for PBXNativeTarget "Tests iOS" */;
			buildPhases = (
				86AE4CD025F5DA7E007B5F40 /* Sources */,
				86AE4CD125F5DA7E007B5F40 /* Frameworks */,
				86AE4CD225F5DA7E007B5F40 /* Resources */,
			);
			buildRules = (
			);
			dependencies = (
				86AE4CD625F5DA7E007B5F40 /* PBXTargetDependency */,
			);
			name = "Tests iOS";
			productName = "Tests iOS";
			productReference = 86AE4CD425F5DA7E007B5F40 /* Tests iOS.xctest */;
			productType = "com.apple.product-type.bundle.ui-testing";
		};
		86AE4CDE25F5DA7E007B5F40 /* Tests macOS */ = {
			isa = PBXNativeTarget;
			buildConfigurationList = 86AE4CF725F5DA7E007B5F40 /* Build configuration list for PBXNativeTarget "Tests macOS" */;
			buildPhases = (
				86AE4CDB25F5DA7E007B5F40 /* Sources */,
				86AE4CDC25F5DA7E007B5F40 /* Frameworks */,
				86AE4CDD25F5DA7E007B5F40 /* Resources */,
			);
			buildRules = (
			);
			dependencies = (
				86AE4CE125F5DA7E007B5F40 /* PBXTargetDependency */,
			);
			name = "Tests macOS";
			productName = "Tests macOS";
			productReference = 86AE4CDF25F5DA7E007B5F40 /* Tests macOS.xctest */;
			productType = "com.apple.product-type.bundle.ui-testing";
		};
/* End PBXNativeTarget section */

/* Begin PBXProject section */
		86AE4CB825F5DA7C007B5F40 /* Project object */ = {
			isa = PBXProject;
			attributes = {
				LastSwiftUpdateCheck = 1240;
				LastUpgradeCheck = 1240;
				TargetAttributes = {
					86AE4CC325F5DA7E007B5F40 = {
						CreatedOnToolsVersion = 12.4;
					};
					86AE4CCB25F5DA7E007B5F40 = {
						CreatedOnToolsVersion = 12.4;
					};
					86AE4CD325F5DA7E007B5F40 = {
						CreatedOnToolsVersion = 12.4;
						TestTargetID = 86AE4CC325F5DA7E007B5F40;
					};
					86AE4CDE25F5DA7E007B5F40 = {
						CreatedOnToolsVersion = 12.4;
						TestTargetID = 86AE4CCB25F5DA7E007B5F40;
					};
				};
			};
			buildConfigurationList = 86AE4CBB25F5DA7C007B5F40 /* Build configuration list for PBXProject "GithubTest" */;
			compatibilityVersion = "Xcode 9.3";
			developmentRegion = en;
			hasScannedForEncodings = 0;
			knownRegions = (
				en,
				Base,
			);
			mainGroup = 86AE4CB725F5DA7C007B5F40;
			productRefGroup = 86AE4CC525F5DA7E007B5F40 /* Products */;
			projectDirPath = "";
			projectRoot = "";
			targets = (
				86AE4CC325F5DA7E007B5F40 /* GithubTest (iOS) */,
				86AE4CCB25F5DA7E007B5F40 /* GithubTest (macOS) */,
				86AE4CD325F5DA7E007B5F40 /* Tests iOS */,
				86AE4CDE25F5DA7E007B5F40 /* Tests macOS */,
			);
		};
/* End PBXProject section */

/* Begin PBXResourcesBuildPhase section */
		86AE4CC225F5DA7E007B5F40 /* Resources */ = {
			isa = PBXResourcesBuildPhase;
			buildActionMask = 2147483647;
			files = (
				86AE4CEA25F5DA7E007B5F40 /* Assets.xcassets in Resources */,
			);
			runOnlyForDeploymentPostprocessing = 0;
		};
		86AE4CCA25F5DA7E007B5F40 /* Resources */ = {
			isa = PBXResourcesBuildPhase;
			buildActionMask = 2147483647;
			files = (
				86AE4CEB25F5DA7E007B5F40 /* Assets.xcassets in Resources */,
			);
			runOnlyForDeploymentPostprocessing = 0;
		};
		86AE4CD225F5DA7E007B5F40 /* Resources */ = {
			isa = PBXResourcesBuildPhase;
			buildActionMask = 2147483647;
			files = (
			);
			runOnlyForDeploymentPostprocessing = 0;
		};
		86AE4CDD25F5DA7E007B5F40 /* Resources */ = {
			isa = PBXResourcesBuildPhase;
			buildActionMask = 2147483647;
			files = (
			);
			runOnlyForDeploymentPostprocessing = 0;
		};
/* End PBXResourcesBuildPhase section */

/* Begin PBXSourcesBuildPhase section */
		86AE4CC025F5DA7E007B5F40 /* Sources */ = {
			isa = PBXSourcesBuildPhase;
			buildActionMask = 2147483647;
			files = (
				86AE4CE825F5DA7E007B5F40 /* ContentView.swift in Sources */,
				86AE4CE625F5DA7E007B5F40 /* GithubTestApp.swift in Sources */,
			);
			runOnlyForDeploymentPostprocessing = 0;
		};
		86AE4CC825F5DA7E007B5F40 /* Sources */ = {
			isa = PBXSourcesBuildPhase;
			buildActionMask = 2147483647;
			files = (
				86AE4CE925F5DA7E007B5F40 /* ContentView.swift in Sources */,
				86AE4CE725F5DA7E007B5F40 /* GithubTestApp.swift in Sources */,
			);
			runOnlyForDeploymentPostprocessing = 0;
		};
		86AE4CD025F5DA7E007B5F40 /* Sources */ = {
			isa = PBXSourcesBuildPhase;
			buildActionMask = 2147483647;
			files = (
				86AE4CD925F5DA7E007B5F40 /* Tests_iOS.swift in Sources */,
			);
			runOnlyForDeploymentPostprocessing = 0;
		};
		86AE4CDB25F5DA7E007B5F40 /* Sources */ = {
			isa = PBXSourcesBuildPhase;
			buildActionMask = 2147483647;
			files = (
				86AE4CE425F5DA7E007B5F40 /* Tests_macOS.swift in Sources */,
			);
			runOnlyForDeploymentPostprocessing = 0;
		};
/* End PBXSourcesBuildPhase section */

/* Begin PBXTargetDependency section */
		86AE4CD625F5DA7E007B5F40 /* PBXTargetDependency */ = {
			isa = PBXTargetDependency;
			target = 86AE4CC325F5DA7E007B5F40 /* GithubTest (iOS) */;
			targetProxy = 86AE4CD525F5DA7E007B5F40 /* PBXContainerItemProxy */;
		};
		86AE4CE125F5DA7E007B5F40 /* PBXTargetDependency */ = {
			isa = PBXTargetDependency;
			target = 86AE4CCB25F5DA7E007B5F40 /* GithubTest (macOS) */;
			targetProxy = 86AE4CE025F5DA7E007B5F40 /* PBXContainerItemProxy */;
		};
/* End PBXTargetDependency section */

/* Begin XCBuildConfiguration section */
		86AE4CEC25F5DA7E007B5F40 /* Debug */ = {
			isa = XCBuildConfiguration;
			buildSettings = {
				ALWAYS_SEARCH_USER_PATHS = NO;
				CLANG_ANALYZER_NONNULL = YES;
				CLANG_ANALYZER_NUMBER_OBJECT_CONVERSION = YES_AGGRESSIVE;
				CLANG_CXX_LANGUAGE_STANDARD = "gnu++14";
				CLANG_CXX_LIBRARY = "libc++";
				CLANG_ENABLE_MODULES = YES;
				CLANG_ENABLE_OBJC_ARC = YES;
				CLANG_ENABLE_OBJC_WEAK = YES;
				CLANG_WARN_BLOCK_CAPTURE_AUTORELEASING = YES;
				CLANG_WARN_BOOL_CONVERSION = YES;
				CLANG_WARN_COMMA = YES;
				CLANG_WARN_CONSTANT_CONVERSION = YES;
				CLANG_WARN_DEPRECATED_OBJC_IMPLEMENTATIONS = YES;
				CLANG_WARN_DIRECT_OBJC_ISA_USAGE = YES_ERROR;
				CLANG_WARN_DOCUMENTATION_COMMENTS = YES;
				CLANG_WARN_EMPTY_BODY = YES;
				CLANG_WARN_ENUM_CONVERSION = YES;
				CLANG_WARN_INFINITE_RECURSION = YES;
				CLANG_WARN_INT_CONVERSION = YES;
				CLANG_WARN_NON_LITERAL_NULL_CONVERSION = YES;
				CLANG_WARN_OBJC_IMPLICIT_RETAIN_SELF = YES;
				CLANG_WARN_OBJC_LITERAL_CONVERSION = YES;
				CLANG_WARN_OBJC_ROOT_CLASS = YES_ERROR;
				CLANG_WARN_QUOTED_INCLUDE_IN_FRAMEWORK_HEADER = YES;
				CLANG_WARN_RANGE_LOOP_ANALYSIS = YES;
				CLANG_WARN_STRICT_PROTOTYPES = YES;
				CLANG_WARN_SUSPICIOUS_MOVE = YES;
				CLANG_WARN_UNGUARDED_AVAILABILITY = YES_AGGRESSIVE;
				CLANG_WARN_UNREACHABLE_CODE = YES;
				CLANG_WARN__DUPLICATE_METHOD_MATCH = YES;
				COPY_PHASE_STRIP = NO;
				DEBUG_INFORMATION_FORMAT = dwarf;
				ENABLE_STRICT_OBJC_MSGSEND = YES;
				ENABLE_TESTABILITY = YES;
				GCC_C_LANGUAGE_STANDARD = gnu11;
				GCC_DYNAMIC_NO_PIC = NO;
				GCC_NO_COMMON_BLOCKS = YES;
				GCC_OPTIMIZATION_LEVEL = 0;
				GCC_PREPROCESSOR_DEFINITIONS = (
					"DEBUG=1",
					"$(inherited)",
				);
				GCC_WARN_64_TO_32_BIT_CONVERSION = YES;
				GCC_WARN_ABOUT_RETURN_TYPE = YES_ERROR;
				GCC_WARN_UNDECLARED_SELECTOR = YES;
				GCC_WARN_UNINITIALIZED_AUTOS = YES_AGGRESSIVE;
				GCC_WARN_UNUSED_FUNCTION = YES;
				GCC_WARN_UNUSED_VARIABLE = YES;
				MTL_ENABLE_DEBUG_INFO = INCLUDE_SOURCE;
				MTL_FAST_MATH = YES;
				ONLY_ACTIVE_ARCH = YES;
				SWIFT_ACTIVE_COMPILATION_CONDITIONS = DEBUG;
				SWIFT_OPTIMIZATION_LEVEL = "-Onone";
			};
			name = Debug;
		};
		86AE4CED25F5DA7E007B5F40 /* Release */ = {
			isa = XCBuildConfiguration;
			buildSettings = {
				ALWAYS_SEARCH_USER_PATHS = NO;
				CLANG_ANALYZER_NONNULL = YES;
				CLANG_ANALYZER_NUMBER_OBJECT_CONVERSION = YES_AGGRESSIVE;
				CLANG_CXX_LANGUAGE_STANDARD = "gnu++14";
				CLANG_CXX_LIBRARY = "libc++";
				CLANG_ENABLE_MODULES = YES;
				CLANG_ENABLE_OBJC_ARC = YES;
				CLANG_ENABLE_OBJC_WEAK = YES;
				CLANG_WARN_BLOCK_CAPTURE_AUTORELEASING = YES;
				CLANG_WARN_BOOL_CONVERSION = YES;
				CLANG_WARN_COMMA = YES;
				CLANG_WARN_CONSTANT_CONVERSION = YES;
				CLANG_WARN_DEPRECATED_OBJC_IMPLEMENTATIONS = YES;
				CLANG_WARN_DIRECT_OBJC_ISA_USAGE = YES_ERROR;
				CLANG_WARN_DOCUMENTATION_COMMENTS = YES;
				CLANG_WARN_EMPTY_BODY = YES;
				CLANG_WARN_ENUM_CONVERSION = YES;
				CLANG_WARN_INFINITE_RECURSION = YES;
				CLANG_WARN_INT_CONVERSION = YES;
				CLANG_WARN_NON_LITERAL_NULL_CONVERSION = YES;
				CLANG_WARN_OBJC_IMPLICIT_RETAIN_SELF = YES;
				CLANG_WARN_OBJC_LITERAL_CONVERSION = YES;
				CLANG_WARN_OBJC_ROOT_CLASS = YES_ERROR;
				CLANG_WARN_QUOTED_INCLUDE_IN_FRAMEWORK_HEADER = YES;
				CLANG_WARN_RANGE_LOOP_ANALYSIS = YES;
				CLANG_WARN_STRICT_PROTOTYPES = YES;
				CLANG_WARN_SUSPICIOUS_MOVE = YES;
				CLANG_WARN_UNGUARDED_AVAILABILITY = YES_AGGRESSIVE;
				CLANG_WARN_UNREACHABLE_CODE = YES;
				CLANG_WARN__DUPLICATE_METHOD_MATCH = YES;
				COPY_PHASE_STRIP = NO;
				DEBUG_INFORMATION_FORMAT = "dwarf-with-dsym";
				ENABLE_NS_ASSERTIONS = NO;
				ENABLE_STRICT_OBJC_MSGSEND = YES;
				GCC_C_LANGUAGE_STANDARD = gnu11;
				GCC_NO_COMMON_BLOCKS = YES;
				GCC_WARN_64_TO_32_BIT_CONVERSION = YES;
				GCC_WARN_ABOUT_RETURN_TYPE = YES_ERROR;
				GCC_WARN_UNDECLARED_SELECTOR = YES;
				GCC_WARN_UNINITIALIZED_AUTOS = YES_AGGRESSIVE;
				GCC_WARN_UNUSED_FUNCTION = YES;
				GCC_WARN_UNUSED_VARIABLE = YES;
				MTL_ENABLE_DEBUG_INFO = NO;
				MTL_FAST_MATH = YES;
				SWIFT_COMPILATION_MODE = wholemodule;
				SWIFT_OPTIMIZATION_LEVEL = "-O";
			};
			name = Release;
		};
		86AE4CEF25F5DA7E007B5F40 /* Debug */ = {
			isa = XCBuildConfiguration;
			buildSettings = {
				ASSETCATALOG_COMPILER_APPICON_NAME = AppIcon;
				ASSETCATALOG_COMPILER_GLOBAL_ACCENT_COLOR_NAME = AccentColor;
				CODE_SIGN_STYLE = Automatic;
				ENABLE_PREVIEWS = YES;
				INFOPLIST_FILE = iOS/Info.plist;
				IPHONEOS_DEPLOYMENT_TARGET = 14.0;
				LD_RUNPATH_SEARCH_PATHS = (
					"$(inherited)",
					"@executable_path/Frameworks",
				);
				PRODUCT_BUNDLE_IDENTIFIER = Test.GithubTest;
				PRODUCT_NAME = GithubTest;
				SDKROOT = iphoneos;
				SWIFT_VERSION = 5.0;
				TARGETED_DEVICE_FAMILY = "1,2";
			};
			name = Debug;
		};
		86AE4CF025F5DA7E007B5F40 /* Release */ = {
			isa = XCBuildConfiguration;
			buildSettings = {
				ASSETCATALOG_COMPILER_APPICON_NAME = AppIcon;
				ASSETCATALOG_COMPILER_GLOBAL_ACCENT_COLOR_NAME = AccentColor;
				CODE_SIGN_STYLE = Automatic;
				ENABLE_PREVIEWS = YES;
				INFOPLIST_FILE = iOS/Info.plist;
				IPHONEOS_DEPLOYMENT_TARGET = 14.0;
				LD_RUNPATH_SEARCH_PATHS = (
					"$(inherited)",
					"@executable_path/Frameworks",
				);
				PRODUCT_BUNDLE_IDENTIFIER = Test.GithubTest;
				PRODUCT_NAME = GithubTest;
				SDKROOT = iphoneos;
				SWIFT_VERSION = 5.0;
				TARGETED_DEVICE_FAMILY = "1,2";
				VALIDATE_PRODUCT = YES;
			};
			name = Release;
		};
		86AE4CF225F5DA7E007B5F40 /* Debug */ = {
			isa = XCBuildConfiguration;
			buildSettings = {
				ASSETCATALOG_COMPILER_APPICON_NAME = AppIcon;
				ASSETCATALOG_COMPILER_GLOBAL_ACCENT_COLOR_NAME = AccentColor;
				CODE_SIGN_ENTITLEMENTS = macOS/macOS.entitlements;
				CODE_SIGN_STYLE = Automatic;
				COMBINE_HIDPI_IMAGES = YES;
				ENABLE_PREVIEWS = YES;
				INFOPLIST_FILE = macOS/Info.plist;
				LD_RUNPATH_SEARCH_PATHS = (
					"$(inherited)",
					"@executable_path/../Frameworks",
				);
				MACOSX_DEPLOYMENT_TARGET = 11.0;
				PRODUCT_BUNDLE_IDENTIFIER = Test.GithubTest;
				PRODUCT_NAME = GithubTest;
				SDKROOT = macosx;
				SWIFT_VERSION = 5.0;
			};
			name = Debug;
		};
		86AE4CF325F5DA7E007B5F40 /* Release */ = {
			isa = XCBuildConfiguration;
			buildSettings = {
				ASSETCATALOG_COMPILER_APPICON_NAME = AppIcon;
				ASSETCATALOG_COMPILER_GLOBAL_ACCENT_COLOR_NAME = AccentColor;
				CODE_SIGN_ENTITLEMENTS = macOS/macOS.entitlements;
				CODE_SIGN_STYLE = Automatic;
				COMBINE_HIDPI_IMAGES = YES;
				ENABLE_PREVIEWS = YES;
				INFOPLIST_FILE = macOS/Info.plist;
				LD_RUNPATH_SEARCH_PATHS = (
					"$(inherited)",
					"@executable_path/../Frameworks",
				);
				MACOSX_DEPLOYMENT_TARGET = 11.0;
				PRODUCT_BUNDLE_IDENTIFIER = Test.GithubTest;
				PRODUCT_NAME = GithubTest;
				SDKROOT = macosx;
				SWIFT_VERSION = 5.0;
			};
			name = Release;
		};
		86AE4CF525F5DA7E007B5F40 /* Debug */ = {
			isa = XCBuildConfiguration;
			buildSettings = {
				ALWAYS_EMBED_SWIFT_STANDARD_LIBRARIES = YES;
				CODE_SIGN_STYLE = Automatic;
				INFOPLIST_FILE = "Tests iOS/Info.plist";
				IPHONEOS_DEPLOYMENT_TARGET = 14.4;
				LD_RUNPATH_SEARCH_PATHS = (
					"$(inherited)",
					"@executable_path/Frameworks",
					"@loader_path/Frameworks",
				);
				PRODUCT_BUNDLE_IDENTIFIER = "Test.Tests-iOS";
				PRODUCT_NAME = "$(TARGET_NAME)";
				SDKROOT = iphoneos;
				SWIFT_VERSION = 5.0;
				TARGETED_DEVICE_FAMILY = "1,2";
				TEST_TARGET_NAME = "GithubTest (iOS)";
			};
			name = Debug;
		};
		86AE4CF625F5DA7E007B5F40 /* Release */ = {
			isa = XCBuildConfiguration;
			buildSettings = {
				ALWAYS_EMBED_SWIFT_STANDARD_LIBRARIES = YES;
				CODE_SIGN_STYLE = Automatic;
				INFOPLIST_FILE = "Tests iOS/Info.plist";
				IPHONEOS_DEPLOYMENT_TARGET = 14.4;
				LD_RUNPATH_SEARCH_PATHS = (
					"$(inherited)",
					"@executable_path/Frameworks",
					"@loader_path/Frameworks",
				);
				PRODUCT_BUNDLE_IDENTIFIER = "Test.Tests-iOS";
				PRODUCT_NAME = "$(TARGET_NAME)";
				SDKROOT = iphoneos;
				SWIFT_VERSION = 5.0;
				TARGETED_DEVICE_FAMILY = "1,2";
				TEST_TARGET_NAME = "GithubTest (iOS)";
				VALIDATE_PRODUCT = YES;
			};
			name = Release;
		};
		86AE4CF825F5DA7E007B5F40 /* Debug */ = {
			isa = XCBuildConfiguration;
			buildSettings = {
				ALWAYS_EMBED_SWIFT_STANDARD_LIBRARIES = YES;
				CODE_SIGN_STYLE = Automatic;
				COMBINE_HIDPI_IMAGES = YES;
				INFOPLIST_FILE = "Tests macOS/Info.plist";
				LD_RUNPATH_SEARCH_PATHS = (
					"$(inherited)",
					"@executable_path/../Frameworks",
					"@loader_path/../Frameworks",
				);
				MACOSX_DEPLOYMENT_TARGET = 11.1;
				PRODUCT_BUNDLE_IDENTIFIER = "Test.Tests-macOS";
				PRODUCT_NAME = "$(TARGET_NAME)";
				SDKROOT = macosx;
				SWIFT_VERSION = 5.0;
				TEST_TARGET_NAME = "GithubTest (macOS)";
			};
			name = Debug;
		};
		86AE4CF925F5DA7E007B5F40 /* Release */ = {
			isa = XCBuildConfiguration;
			buildSettings = {
				ALWAYS_EMBED_SWIFT_STANDARD_LIBRARIES = YES;
				CODE_SIGN_STYLE = Automatic;
				COMBINE_HIDPI_IMAGES = YES;
				INFOPLIST_FILE = "Tests macOS/Info.plist";
				LD_RUNPATH_SEARCH_PATHS = (
					"$(inherited)",
					"@executable_path/../Frameworks",
					"@loader_path/../Frameworks",
				);
				MACOSX_DEPLOYMENT_TARGET = 11.1;
				PRODUCT_BUNDLE_IDENTIFIER = "Test.Tests-macOS";
				PRODUCT_NAME = "$(TARGET_NAME)";
				SDKROOT = macosx;
				SWIFT_VERSION = 5.0;
				TEST_TARGET_NAME = "GithubTest (macOS)";
			};
			name = Release;
		};
/* End XCBuildConfiguration section */

/* Begin XCConfigurationList section */
		86AE4CBB25F5DA7C007B5F40 /* Build configuration list for PBXProject "GithubTest" */ = {
			isa = XCConfigurationList;
			buildConfigurations = (
				86AE4CEC25F5DA7E007B5F40 /* Debug */,
				86AE4CED25F5DA7E007B5F40 /* Release */,
			);
			defaultConfigurationIsVisible = 0;
			defaultConfigurationName = Release;
		};
		86AE4CEE25F5DA7E007B5F40 /* Build configuration list for PBXNativeTarget "GithubTest (iOS)" */ = {
			isa = XCConfigurationList;
			buildConfigurations = (
				86AE4CEF25F5DA7E007B5F40 /* Debug */,
				86AE4CF025F5DA7E007B5F40 /* Release */,
			);
			defaultConfigurationIsVisible = 0;
			defaultConfigurationName = Release;
		};
		86AE4CF125F5DA7E007B5F40 /* Build configuration list for PBXNativeTarget "GithubTest (macOS)" */ = {
			isa = XCConfigurationList;
			buildConfigurations = (
				86AE4CF225F5DA7E007B5F40 /* Debug */,
				86AE4CF325F5DA7E007B5F40 /* Release */,
			);
			defaultConfigurationIsVisible = 0;
			defaultConfigurationName = Release;
		};
		86AE4CF425F5DA7E007B5F40 /* Build configuration list for PBXNativeTarget "Tests iOS" */ = {
			isa = XCConfigurationList;
			buildConfigurations = (
				86AE4CF525F5DA7E007B5F40 /* Debug */,
				86AE4CF625F5DA7E007B5F40 /* Release */,
			);
			defaultConfigurationIsVisible = 0;
			defaultConfigurationName = Release;
		};
		86AE4CF725F5DA7E007B5F40 /* Build configuration list for PBXNativeTarget "Tests macOS" */ = {
			isa = XCConfigurationList;
			buildConfigurations = (
				86AE4CF825F5DA7E007B5F40 /* Debug */,
				86AE4CF925F5DA7E007B5F40 /* Release */,
			);
			defaultConfigurationIsVisible = 0;
			defaultConfigurationName = Release;
		};
/* End XCConfigurationList section */
	};
	rootObject = 86AE4CB825F5DA7C007B5F40 /* Project object */;
}
